{
  "requires": true,
  "lockfileVersion": 1,
  "dependencies": {
    "@myspace-nu/jquery.fancytable": {
      "version": "1.0.9",
      "resolved": "https://registry.npmjs.org/@myspace-nu/jquery.fancytable/-/jquery.fancytable-1.0.9.tgz",
      "integrity": "sha512-yyBwzjBYsVXU3tMOP7APPyi22OPISZtrYLzvESpBsuwP0aErgjCtBfhHjL9v26nUZAIwHN6wQC1TKRWcTDeLsg=="
    }
  }
}
