
Microsoft Visual Studio Solution File, Format Version 12.00
# Visual Studio Version 16
VisualStudioVersion = 16.0.31129.286
MinimumVisualStudioVersion = 10.0.40219.1
Project("{9A19103F-16F7-4668-BE54-9A1E7A4F7556}") = "IdentityNLayer", "CRUD\IdentityNLayer.csproj", "{90090590-A479-424B-9182-EAC9777F51B9}"
EndProject
Project("{FAE04EC0-301F-11D3-BF4B-00C04F79EFBC}") = "IdentityNLayer.BLL", "IdentityNLayer.BLL\IdentityNLayer.BLL.csproj", "{7CCD8349-284A-4ADA-A926-2372357CC7D5}"
EndProject
Project("{FAE04EC0-301F-11D3-BF4B-00C04F79EFBC}") = "IdentityNLayer.DAL", "IdentityNLayer.DAL\IdentityNLayer.DAL.csproj", "{B6545B2B-F7C2-4A55-A354-1CC72DA01B02}"
EndProject
Project("{FAE04EC0-301F-11D3-BF4B-00C04F79EFBC}") = "IdentityNLayer.DAL.EF", "IdentityNLayer.DAL.EF\IdentityNLayer.DAL.EF.csproj", "{9F5FB62B-4BEA-454A-8A9C-6DA19B8B1CA9}"
EndProject
Global
	GlobalSection(SolutionConfigurationPlatforms) = preSolution
		Debug|Any CPU = Debug|Any CPU
		Release|Any CPU = Release|Any CPU
	EndGlobalSection
	GlobalSection(ProjectConfigurationPlatforms) = postSolution
		{90090590-A479-424B-9182-EAC9777F51B9}.Debug|Any CPU.ActiveCfg = Debug|Any CPU
		{90090590-A479-424B-9182-EAC9777F51B9}.Debug|Any CPU.Build.0 = Debug|Any CPU
		{90090590-A479-424B-9182-EAC9777F51B9}.Release|Any CPU.ActiveCfg = Release|Any CPU
		{90090590-A479-424B-9182-EAC9777F51B9}.Release|Any CPU.Build.0 = Release|Any CPU
		{7CCD8349-284A-4ADA-A926-2372357CC7D5}.Debug|Any CPU.ActiveCfg = Debug|Any CPU
		{7CCD8349-284A-4ADA-A926-2372357CC7D5}.Debug|Any CPU.Build.0 = Debug|Any CPU
		{7CCD8349-284A-4ADA-A926-2372357CC7D5}.Release|Any CPU.ActiveCfg = Release|Any CPU
		{7CCD8349-284A-4ADA-A926-2372357CC7D5}.Release|Any CPU.Build.0 = Release|Any CPU
		{B6545B2B-F7C2-4A55-A354-1CC72DA01B02}.Debug|Any CPU.ActiveCfg = Debug|Any CPU
		{B6545B2B-F7C2-4A55-A354-1CC72DA01B02}.Debug|Any CPU.Build.0 = Debug|Any CPU
		{B6545B2B-F7C2-4A55-A354-1CC72DA01B02}.Release|Any CPU.ActiveCfg = Release|Any CPU
		{B6545B2B-F7C2-4A55-A354-1CC72DA01B02}.Release|Any CPU.Build.0 = Release|Any CPU
		{9F5FB62B-4BEA-454A-8A9C-6DA19B8B1CA9}.Debug|Any CPU.ActiveCfg = Debug|Any CPU
		{9F5FB62B-4BEA-454A-8A9C-6DA19B8B1CA9}.Debug|Any CPU.Build.0 = Debug|Any CPU
		{9F5FB62B-4BEA-454A-8A9C-6DA19B8B1CA9}.Release|Any CPU.ActiveCfg = Release|Any CPU
		{9F5FB62B-4BEA-454A-8A9C-6DA19B8B1CA9}.Release|Any CPU.Build.0 = Release|Any CPU
	EndGlobalSection
	GlobalSection(SolutionProperties) = preSolution
		HideSolutionNode = FALSE
	EndGlobalSection
	GlobalSection(ExtensibilityGlobals) = postSolution
		SolutionGuid = {8A596F72-10FB-48EB-B6F2-D460A05C226A}
	EndGlobalSection
EndGlobal
